
Microsoft Visual Studio Solution File, Format Version 12.00
# Visual Studio Version 17
VisualStudioVersion = 17.0.31612.314
MinimumVisualStudioVersion = 10.0.40219.1
Project("{FAE04EC0-301F-11D3-BF4B-00C04F79EFBC}") = "StopRandomInvite", "StopRandomInvite.csproj", "{A598F113-F5DD-4A8A-A51B-2494642D7631}"
EndProject
Global
	GlobalSection(SolutionConfigurationPlatforms) = preSolution
		Debug|Any CPU = Debug|Any CPU
		Release|Any CPU = Release|Any CPU
	EndGlobalSection
	GlobalSection(ProjectConfigurationPlatforms) = postSolution
		{A598F113-F5DD-4A8A-A51B-2494642D7631}.Debug|Any CPU.ActiveCfg = Debug|Any CPU
		{A598F113-F5DD-4A8A-A51B-2494642D7631}.Debug|Any CPU.Build.0 = Debug|Any CPU
		{A598F113-F5DD-4A8A-A51B-2494642D7631}.Release|Any CPU.ActiveCfg = Release|Any CPU
		{A598F113-F5DD-4A8A-A51B-2494642D7631}.Release|Any CPU.Build.0 = Release|Any CPU
	EndGlobalSection
	GlobalSection(SolutionProperties) = preSolution
		HideSolutionNode = FALSE
	EndGlobalSection
	GlobalSection(ExtensibilityGlobals) = postSolution
		SolutionGuid = {B15BF510-8186-4870-929A-9818908A861D}
	EndGlobalSection
EndGlobal
